
Microsoft Visual Studio Solution File, Format Version 12.00
# Visual Studio 14
VisualStudioVersion = 14.0.25420.1
MinimumVisualStudioVersion = 10.0.40219.1
Project("{2150E333-8FDC-42A3-9474-1A3956D46DE8}") = "Lab4", "Lab4", "{0BDFAA65-69F8-42CD-8D65-A1D017378B9C}"
EndProject
Project("{8BC9CEB8-8B4A-11D0-8D11-00A0C91BC942}") = "lab4-1", "lab4-1.vcxproj", "{1662708F-E67D-400F-93FA-67156446468C}"
EndProject
Project("{8BC9CEB8-8B4A-11D0-8D11-00A0C91BC942}") = "readfile", "readfile\readfile.vcxproj", "{76F7623E-1850-4214-A8F2-764660EF2A4E}"
EndProject
Global
	GlobalSection(SolutionConfigurationPlatforms) = preSolution
		Debug|x64 = Debug|x64
		Debug|x86 = Debug|x86
		Release|x64 = Release|x64
		Release|x86 = Release|x86
	EndGlobalSection
	GlobalSection(ProjectConfigurationPlatforms) = postSolution
		{1662708F-E67D-400F-93FA-67156446468C}.Debug|x64.ActiveCfg = Debug|x64
		{1662708F-E67D-400F-93FA-67156446468C}.Debug|x64.Build.0 = Debug|x64
		{1662708F-E67D-400F-93FA-67156446468C}.Debug|x86.ActiveCfg = Debug|Win32
		{1662708F-E67D-400F-93FA-67156446468C}.Debug|x86.Build.0 = Debug|Win32
		{1662708F-E67D-400F-93FA-67156446468C}.Release|x64.ActiveCfg = Release|x64
		{1662708F-E67D-400F-93FA-67156446468C}.Release|x64.Build.0 = Release|x64
		{1662708F-E67D-400F-93FA-67156446468C}.Release|x86.ActiveCfg = Release|Win32
		{1662708F-E67D-400F-93FA-67156446468C}.Release|x86.Build.0 = Release|Win32
		{76F7623E-1850-4214-A8F2-764660EF2A4E}.Debug|x64.ActiveCfg = Debug|x64
		{76F7623E-1850-4214-A8F2-764660EF2A4E}.Debug|x64.Build.0 = Debug|x64
		{76F7623E-1850-4214-A8F2-764660EF2A4E}.Debug|x86.ActiveCfg = Debug|Win32
		{76F7623E-1850-4214-A8F2-764660EF2A4E}.Debug|x86.Build.0 = Debug|Win32
		{76F7623E-1850-4214-A8F2-764660EF2A4E}.Release|x64.ActiveCfg = Release|x64
		{76F7623E-1850-4214-A8F2-764660EF2A4E}.Release|x64.Build.0 = Release|x64
		{76F7623E-1850-4214-A8F2-764660EF2A4E}.Release|x86.ActiveCfg = Release|Win32
		{76F7623E-1850-4214-A8F2-764660EF2A4E}.Release|x86.Build.0 = Release|Win32
	EndGlobalSection
	GlobalSection(SolutionProperties) = preSolution
		HideSolutionNode = FALSE
	EndGlobalSection
	GlobalSection(NestedProjects) = preSolution
		{1662708F-E67D-400F-93FA-67156446468C} = {0BDFAA65-69F8-42CD-8D65-A1D017378B9C}
		{76F7623E-1850-4214-A8F2-764660EF2A4E} = {0BDFAA65-69F8-42CD-8D65-A1D017378B9C}
	EndGlobalSection
EndGlobal
